
Microsoft Visual Studio Solution File, Format Version 12.00
# Visual Studio Version 17
VisualStudioVersion = 17.14.36203.30 d17.14
MinimumVisualStudioVersion = 10.0.40219.1
Project("{FAE04EC0-301F-11D3-BF4B-00C04F79EFBC}") = "Exercicio2", "Exercicio2.csproj", "{333F3649-DCCE-44D1-B893-96EEF61C2094}"
EndProject
Global
	GlobalSection(SolutionConfigurationPlatforms) = preSolution
		Debug|Any CPU = Debug|Any CPU
		Release|Any CPU = Release|Any CPU
	EndGlobalSection
	GlobalSection(ProjectConfigurationPlatforms) = postSolution
		{333F3649-DCCE-44D1-B893-96EEF61C2094}.Debug|Any CPU.ActiveCfg = Debug|Any CPU
		{333F3649-DCCE-44D1-B893-96EEF61C2094}.Debug|Any CPU.Build.0 = Debug|Any CPU
		{333F3649-DCCE-44D1-B893-96EEF61C2094}.Release|Any CPU.ActiveCfg = Release|Any CPU
		{333F3649-DCCE-44D1-B893-96EEF61C2094}.Release|Any CPU.Build.0 = Release|Any CPU
	EndGlobalSection
	GlobalSection(SolutionProperties) = preSolution
		HideSolutionNode = FALSE
	EndGlobalSection
	GlobalSection(ExtensibilityGlobals) = postSolution
		SolutionGuid = {2883B0D5-255C-4245-949B-1AC0F5DE0E2B}
	EndGlobalSection
EndGlobal
