
Microsoft Visual Studio Solution File, Format Version 12.00
# Visual Studio Version 17
VisualStudioVersion = 17.14.36203.30 d17.14
MinimumVisualStudioVersion = 10.0.40219.1
Project("{FAE04EC0-301F-11D3-BF4B-00C04F79EFBC}") = "Calculadora_basica", "Calculadora_basica.csproj", "{2FD70605-C0B4-48AB-A94B-DC3C1D47840A}"
EndProject
Global
	GlobalSection(SolutionConfigurationPlatforms) = preSolution
		Debug|Any CPU = Debug|Any CPU
		Release|Any CPU = Release|Any CPU
	EndGlobalSection
	GlobalSection(ProjectConfigurationPlatforms) = postSolution
		{2FD70605-C0B4-48AB-A94B-DC3C1D47840A}.Debug|Any CPU.ActiveCfg = Debug|Any CPU
		{2FD70605-C0B4-48AB-A94B-DC3C1D47840A}.Debug|Any CPU.Build.0 = Debug|Any CPU
		{2FD70605-C0B4-48AB-A94B-DC3C1D47840A}.Release|Any CPU.ActiveCfg = Release|Any CPU
		{2FD70605-C0B4-48AB-A94B-DC3C1D47840A}.Release|Any CPU.Build.0 = Release|Any CPU
	EndGlobalSection
	GlobalSection(SolutionProperties) = preSolution
		HideSolutionNode = FALSE
	EndGlobalSection
	GlobalSection(ExtensibilityGlobals) = postSolution
		SolutionGuid = {1BC9F886-DB80-4FF6-B62D-36E399FFC0F9}
	EndGlobalSection
EndGlobal
