Microsoft Visual Studio Solution File, Format Version 12.00
# Visual Studio Version 17
VisualStudioVersion = 17.5.2.0
MinimumVisualStudioVersion = 10.0.40219.1
Project("{FAE04EC0-301F-11D3-BF4B-00C04F79EFBC}") = "ProdutoEPreco", "ProdutoEPreco.csproj", "{A1B7228D-8A4D-185B-4F13-659A6362C8A1}"
EndProject
Global
	GlobalSection(SolutionConfigurationPlatforms) = preSolution
		Debug|Any CPU = Debug|Any CPU
		Release|Any CPU = Release|Any CPU
	EndGlobalSection
	GlobalSection(ProjectConfigurationPlatforms) = postSolution
		{A1B7228D-8A4D-185B-4F13-659A6362C8A1}.Debug|Any CPU.ActiveCfg = Debug|Any CPU
		{A1B7228D-8A4D-185B-4F13-659A6362C8A1}.Debug|Any CPU.Build.0 = Debug|Any CPU
		{A1B7228D-8A4D-185B-4F13-659A6362C8A1}.Release|Any CPU.ActiveCfg = Release|Any CPU
		{A1B7228D-8A4D-185B-4F13-659A6362C8A1}.Release|Any CPU.Build.0 = Release|Any CPU
	EndGlobalSection
	GlobalSection(SolutionProperties) = preSolution
		HideSolutionNode = FALSE
	EndGlobalSection
	GlobalSection(ExtensibilityGlobals) = postSolution
		SolutionGuid = {2CEE06B7-BBF0-46C1-BAE4-534E9ED63932}
	EndGlobalSection
EndGlobal
